
Microsoft Visual Studio Solution File, Format Version 12.00
# Visual Studio 15
VisualStudioVersion = 15.0.28307.168
MinimumVisualStudioVersion = 10.0.40219.1
Project("{FAE04EC0-301F-11D3-BF4B-00C04F79EFBC}") = "TestOOPApp", "TestOOPApp\TestOOPApp.csproj", "{EF6757A6-C127-4715-AEE4-F4882C6CC228}"
EndProject
Global
	GlobalSection(SolutionConfigurationPlatforms) = preSolution
		Debug|Any CPU = Debug|Any CPU
		Release|Any CPU = Release|Any CPU
	EndGlobalSection
	GlobalSection(ProjectConfigurationPlatforms) = postSolution
		{EF6757A6-C127-4715-AEE4-F4882C6CC228}.Debug|Any CPU.ActiveCfg = Debug|Any CPU
		{EF6757A6-C127-4715-AEE4-F4882C6CC228}.Debug|Any CPU.Build.0 = Debug|Any CPU
		{EF6757A6-C127-4715-AEE4-F4882C6CC228}.Release|Any CPU.ActiveCfg = Release|Any CPU
		{EF6757A6-C127-4715-AEE4-F4882C6CC228}.Release|Any CPU.Build.0 = Release|Any CPU
	EndGlobalSection
	GlobalSection(SolutionProperties) = preSolution
		HideSolutionNode = FALSE
	EndGlobalSection
	GlobalSection(ExtensibilityGlobals) = postSolution
		SolutionGuid = {F4040213-5173-4CB3-B72F-7B9F044555A0}
	EndGlobalSection
EndGlobal
